// !$*UTF8*$!
{
	archiveVersion = 1;
	classes = {
	};
	objectVersion = 46;
	objects = {

/* Begin PBXBuildFile section */
		C03753721AB94184007A6012 /* AppDelegate.swift in Sources */ = {isa = PBXBuildFile; fileRef = C03753711AB94184007A6012 /* AppDelegate.swift */; };
		C03753741AB94184007A6012 /* ViewController.swift in Sources */ = {isa = PBXBuildFile; fileRef = C03753731AB94184007A6012 /* ViewController.swift */; };
		C03753771AB94184007A6012 /* Main.storyboard in Resources */ = {isa = PBXBuildFile; fileRef = C03753751AB94184007A6012 /* Main.storyboard */; };
		C03753791AB94184007A6012 /* Images.xcassets in Resources */ = {isa = PBXBuildFile; fileRef = C03753781AB94184007A6012 /* Images.xcassets */; };
		C037537C1AB94184007A6012 /* LaunchScreen.xib in Resources */ = {isa = PBXBuildFile; fileRef = C037537A1AB94184007A6012 /* LaunchScreen.xib */; };
		C03753881AB94184007A6012 /* PostcardTests.swift in Sources */ = {isa = PBXBuildFile; fileRef = C03753871AB94184007A6012 /* PostcardTests.swift */; };
		C03753921ABBB07C007A6012 /* SagradaFamilia.jpeg in Resources */ = {isa = PBXBuildFile; fileRef = C03753911ABBB07C007A6012 /* SagradaFamilia.jpeg */; };
		C03753941ABBB412007A6012 /* AlbertEinsteinStamp.jpg in Resources */ = {isa = PBXBuildFile; fileRef = C03753931ABBB412007A6012 /* AlbertEinsteinStamp.jpg */; };
/* End PBXBuildFile section */

/* Begin PBXContainerItemProxy section */
		C03753821AB94184007A6012 /* PBXContainerItemProxy */ = {
			isa = PBXContainerItemProxy;
			containerPortal = C03753641AB94184007A6012 /* Project object */;
			proxyType = 1;
			remoteGlobalIDString = C037536B1AB94184007A6012;
			remoteInfo = Postcard;
		};
/* End PBXContainerItemProxy section */

/* Begin PBXFileReference section */
		C037536C1AB94184007A6012 /* Postcard.app */ = {isa = PBXFileReference; explicitFileType = wrapper.application; includeInIndex = 0; path = Postcard.app; sourceTree = BUILT_PRODUCTS_DIR; };
		C03753701AB94184007A6012 /* Info.plist */ = {isa = PBXFileReference; lastKnownFileType = text.plist.xml; path = Info.plist; sourceTree = "<group>"; };
		C03753711AB94184007A6012 /* AppDelegate.swift */ = {isa = PBXFileReference; lastKnownFileType = sourcecode.swift; path = AppDelegate.swift; sourceTree = "<group>"; };
		C03753731AB94184007A6012 /* ViewController.swift */ = {isa = PBXFileReference; lastKnownFileType = sourcecode.swift; path = ViewController.swift; sourceTree = "<group>"; };
		C03753761AB94184007A6012 /* Base */ = {isa = PBXFileReference; lastKnownFileType = file.storyboard; name = Base; path = Base.lproj/Main.storyboard; sourceTree = "<group>"; };
		C03753781AB94184007A6012 /* Images.xcassets */ = {isa = PBXFileReference; lastKnownFileType = folder.assetcatalog; path = Images.xcassets; sourceTree = "<group>"; };
		C037537B1AB94184007A6012 /* Base */ = {isa = PBXFileReference; lastKnownFileType = file.xib; name = Base; path = Base.lproj/LaunchScreen.xib; sourceTree = "<group>"; };
		C03753811AB94184007A6012 /* PostcardTests.xctest */ = {isa = PBXFileReference; explicitFileType = wrapper.cfbundle; includeInIndex = 0; path = PostcardTests.xctest; sourceTree = BUILT_PRODUCTS_DIR; };
		C03753861AB94184007A6012 /* Info.plist */ = {isa = PBXFileReference; lastKnownFileType = text.plist.xml; path = Info.plist; sourceTree = "<group>"; };
		C03753871AB94184007A6012 /* PostcardTests.swift */ = {isa = PBXFileReference; lastKnownFileType = sourcecode.swift; path = PostcardTests.swift; sourceTree = "<group>"; };
		C03753911ABBB07C007A6012 /* SagradaFamilia.jpeg */ = {isa = PBXFileReference; lastKnownFileType = image.jpeg; path = SagradaFamilia.jpeg; sourceTree = "<group>"; };
		C03753931ABBB412007A6012 /* AlbertEinsteinStamp.jpg */ = {isa = PBXFileReference; lastKnownFileType = image.jpeg; path = AlbertEinsteinStamp.jpg; sourceTree = "<group>"; };
/* End PBXFileReference section */

/* Begin PBXFrameworksBuildPhase section */
		C03753691AB94184007A6012 /* Frameworks */ = {
			isa = PBXFrameworksBuildPhase;
			buildActionMask = 2147483647;
			files = (
			);
			runOnlyForDeploymentPostprocessing = 0;
		};
		C037537E1AB94184007A6012 /* Frameworks */ = {
			isa = PBXFrameworksBuildPhase;
			buildActionMask = 2147483647;
			files = (
			);
			runOnlyForDeploymentPostprocessing = 0;
		};
/* End PBXFrameworksBuildPhase section */

/* Begin PBXGroup section */
		C03753631AB94184007A6012 = {
			isa = PBXGroup;
			children = (
				C037536E1AB94184007A6012 /* Postcard */,
				C03753841AB94184007A6012 /* PostcardTests */,
				C037536D1AB94184007A6012 /* Products */,
			);
			sourceTree = "<group>";
		};
		C037536D1AB94184007A6012 /* Products */ = {
			isa = PBXGroup;
			children = (
				C037536C1AB94184007A6012 /* Postcard.app */,
				C03753811AB94184007A6012 /* PostcardTests.xctest */,
			);
			name = Products;
			sourceTree = "<group>";
		};
		C037536E1AB94184007A6012 /* Postcard */ = {
			isa = PBXGroup;
			children = (
				C03753711AB94184007A6012 /* AppDelegate.swift */,
				C03753731AB94184007A6012 /* ViewController.swift */,
				C03753751AB94184007A6012 /* Main.storyboard */,
				C03753781AB94184007A6012 /* Images.xcassets */,
				C037537A1AB94184007A6012 /* LaunchScreen.xib */,
				C037536F1AB94184007A6012 /* Supporting Files */,
			);
			path = Postcard;
			sourceTree = "<group>";
		};
		C037536F1AB94184007A6012 /* Supporting Files */ = {
			isa = PBXGroup;
			children = (
				C03753931ABBB412007A6012 /* AlbertEinsteinStamp.jpg */,
				C03753911ABBB07C007A6012 /* SagradaFamilia.jpeg */,
				C03753701AB94184007A6012 /* Info.plist */,
			);
			name = "Supporting Files";
			sourceTree = "<group>";
		};
		C03753841AB94184007A6012 /* PostcardTests */ = {
			isa = PBXGroup;
			children = (
				C03753871AB94184007A6012 /* PostcardTests.swift */,
				C03753851AB94184007A6012 /* Supporting Files */,
			);
			path = PostcardTests;
			sourceTree = "<group>";
		};
		C03753851AB94184007A6012 /* Supporting Files */ = {
			isa = PBXGroup;
			children = (
				C03753861AB94184007A6012 /* Info.plist */,
			);
			name = "Supporting Files";
			sourceTree = "<group>";
		};
/* End PBXGroup section */

/* Begin PBXNativeTarget section */
		C037536B1AB94184007A6012 /* Postcard */ = {
			isa = PBXNativeTarget;
			buildConfigurationList = C037538B1AB94184007A6012 /* Build configuration list for PBXNativeTarget "Postcard" */;
			buildPhases = (
				C03753681AB94184007A6012 /* Sources */,
				C03753691AB94184007A6012 /* Frameworks */,
				C037536A1AB94184007A6012 /* Resources */,
			);
			buildRules = (
			);
			dependencies = (
			);
			name = Postcard;
			productName = Postcard;
			productReference = C037536C1AB94184007A6012 /* Postcard.app */;
			productType = "com.apple.product-type.application";
		};
		C03753801AB94184007A6012 /* PostcardTests */ = {
			isa = PBXNativeTarget;
			buildConfigurationList = C037538E1AB94184007A6012 /* Build configuration list for PBXNativeTarget "PostcardTests" */;
			buildPhases = (
				C037537D1AB94184007A6012 /* Sources */,
				C037537E1AB94184007A6012 /* Frameworks */,
				C037537F1AB94184007A6012 /* Resources */,
			);
			buildRules = (
			);
			dependencies = (
				C03753831AB94184007A6012 /* PBXTargetDependency */,
			);
			name = PostcardTests;
			productName = PostcardTests;
			productReference = C03753811AB94184007A6012 /* PostcardTests.xctest */;
			productType = "com.apple.product-type.bundle.unit-test";
		};
/* End PBXNativeTarget section */

/* Begin PBXProject section */
		C03753641AB94184007A6012 /* Project object */ = {
			isa = PBXProject;
			attributes = {
				LastUpgradeCheck = 0620;
				ORGANIZATIONNAME = "Daily Dram";
				TargetAttributes = {
					C037536B1AB94184007A6012 = {
						CreatedOnToolsVersion = 6.2;
					};
					C03753801AB94184007A6012 = {
						CreatedOnToolsVersion = 6.2;
						TestTargetID = C037536B1AB94184007A6012;
					};
				};
			};
			buildConfigurationList = C03753671AB94184007A6012 /* Build configuration list for PBXProject "Postcard" */;
			compatibilityVersion = "Xcode 3.2";
			developmentRegion = English;
			hasScannedForEncodings = 0;
			knownRegions = (
				en,
				Base,
			);
			mainGroup = C03753631AB94184007A6012;
			productRefGroup = C037536D1AB94184007A6012 /* Products */;
			projectDirPath = "";
			projectRoot = "";
			targets = (
				C037536B1AB94184007A6012 /* Postcard */,
				C03753801AB94184007A6012 /* PostcardTests */,
			);
		};
/* End PBXProject section */

/* Begin PBXResourcesBuildPhase section */
		C037536A1AB94184007A6012 /* Resources */ = {
			isa = PBXResourcesBuildPhase;
			buildActionMask = 2147483647;
			files = (
				C03753771AB94184007A6012 /* Main.storyboard in Resources */,
				C03753921ABBB07C007A6012 /* SagradaFamilia.jpeg in Resources */,
				C03753941ABBB412007A6012 /* AlbertEinsteinStamp.jpg in Resources */,
				C037537C1AB94184007A6012 /* LaunchScreen.xib in Resources */,
				C03753791AB94184007A6012 /* Images.xcassets in Resources */,
			);
			runOnlyForDeploymentPostprocessing = 0;
		};
		C037537F1AB94184007A6012 /* Resources */ = {
			isa = PBXResourcesBuildPhase;
			buildActionMask = 2147483647;
			files = (
			);
			runOnlyForDeploymentPostprocessing = 0;
		};
/* End PBXResourcesBuildPhase section */

/* Begin PBXSourcesBuildPhase section */
		C03753681AB94184007A6012 /* Sources */ = {
			isa = PBXSourcesBuildPhase;
			buildActionMask = 2147483647;
			files = (
				C03753741AB94184007A6012 /* ViewController.swift in Sources */,
				C03753721AB94184007A6012 /* AppDelegate.swift in Sources */,
			);
			runOnlyForDeploymentPostprocessing = 0;
		};
		C037537D1AB94184007A6012 /* Sources */ = {
			isa = PBXSourcesBuildPhase;
			buildActionMask = 2147483647;
			files = (
				C03753881AB94184007A6012 /* PostcardTests.swift in Sources */,
			);
			runOnlyForDeploymentPostprocessing = 0;
		};
/* End PBXSourcesBuildPhase section */

/* Begin PBXTargetDependency section */
		C03753831AB94184007A6012 /* PBXTargetDependency */ = {
			isa = PBXTargetDependency;
			target = C037536B1AB94184007A6012 /* Postcard */;
			targetProxy = C03753821AB94184007A6012 /* PBXContainerItemProxy */;
		};
/* End PBXTargetDependency section */

/* Begin PBXVariantGroup section */
		C03753751AB94184007A6012 /* Main.storyboard */ = {
			isa = PBXVariantGroup;
			children = (
				C03753761AB94184007A6012 /* Base */,
			);
			name = Main.storyboard;
			sourceTree = "<group>";
		};
		C037537A1AB94184007A6012 /* LaunchScreen.xib */ = {
			isa = PBXVariantGroup;
			children = (
				C037537B1AB94184007A6012 /* Base */,
			);
			name = LaunchScreen.xib;
			sourceTree = "<group>";
		};
/* End PBXVariantGroup section */

/* Begin XCBuildConfiguration section */
		C03753891AB94184007A6012 /* Debug */ = {
			isa = XCBuildConfiguration;
			buildSettings = {
				ALWAYS_SEARCH_USER_PATHS = NO;
				CLANG_CXX_LANGUAGE_STANDARD = "gnu++0x";
				CLANG_CXX_LIBRARY = "libc++";
				CLANG_ENABLE_MODULES = YES;
				CLANG_ENABLE_OBJC_ARC = YES;
				CLANG_WARN_BOOL_CONVERSION = YES;
				CLANG_WARN_CONSTANT_CONVERSION = YES;
				CLANG_WARN_DIRECT_OBJC_ISA_USAGE = YES_ERROR;
				CLANG_WARN_EMPTY_BODY = YES;
				CLANG_WARN_ENUM_CONVERSION = YES;
				CLANG_WARN_INT_CONVERSION = YES;
				CLANG_WARN_OBJC_ROOT_CLASS = YES_ERROR;
				CLANG_WARN_UNREACHABLE_CODE = YES;
				CLANG_WARN__DUPLICATE_METHOD_MATCH = YES;
				"CODE_SIGN_IDENTITY[sdk=iphoneos*]" = "iPhone Developer";
				COPY_PHASE_STRIP = NO;
				ENABLE_STRICT_OBJC_MSGSEND = YES;
				GCC_C_LANGUAGE_STANDARD = gnu99;
				GCC_DYNAMIC_NO_PIC = NO;
				GCC_OPTIMIZATION_LEVEL = 0;
				GCC_PREPROCESSOR_DEFINITIONS = (
					"DEBUG=1",
					"$(inherited)",
				);
				GCC_SYMBOLS_PRIVATE_EXTERN = NO;
				GCC_WARN_64_TO_32_BIT_CONVERSION = YES;
				GCC_WARN_ABOUT_RETURN_TYPE = YES_ERROR;
				GCC_WARN_UNDECLARED_SELECTOR = YES;
				GCC_WARN_UNINITIALIZED_AUTOS = YES_AGGRESSIVE;
				GCC_WARN_UNUSED_FUNCTION = YES;
				GCC_WARN_UNUSED_VARIABLE = YES;
				IPHONEOS_DEPLOYMENT_TARGET = 8.2;
				MTL_ENABLE_DEBUG_INFO = YES;
				ONLY_ACTIVE_ARCH = YES;
				SDKROOT = iphoneos;
				SWIFT_OPTIMIZATION_LEVEL = "-Onone";
				TARGETED_DEVICE_FAMILY = "1,2";
			};
			name = Debug;
		};
		C037538A1AB94184007A6012 /* Release */ = {
			isa = XCBuildConfiguration;
			buildSettings = {
				ALWAYS_SEARCH_USER_PATHS = NO;
				CLANG_CXX_LANGUAGE_STANDARD = "gnu++0x";
				CLANG_CXX_LIBRARY = "libc++";
				CLANG_ENABLE_MODULES = YES;
				CLANG_ENABLE_OBJC_ARC = YES;
				CLANG_WARN_BOOL_CONVERSION = YES;
				CLANG_WARN_CONSTANT_CONVERSION = YES;
				CLANG_WARN_DIRECT_OBJC_ISA_USAGE = YES_ERROR;
				CLANG_WARN_EMPTY_BODY = YES;
				CLANG_WARN_ENUM_CONVERSION = YES;
				CLANG_WARN_INT_CONVERSION = YES;
				CLANG_WARN_OBJC_ROOT_CLASS = YES_ERROR;
				CLANG_WARN_UNREACHABLE_CODE = YES;
				CLANG_WARN__DUPLICATE_METHOD_MATCH = YES;
				"CODE_SIGN_IDENTITY[sdk=iphoneos*]" = "iPhone Developer";
				COPY_PHASE_STRIP = NO;
				ENABLE_NS_ASSERTIONS = NO;
				ENABLE_STRICT_OBJC_MSGSEND = YES;
				GCC_C_LANGUAGE_STANDARD = gnu99;
				GCC_WARN_64_TO_32_BIT_CONVERSION = YES;
				GCC_WARN_ABOUT_RETURN_TYPE = YES_ERROR;
				GCC_WARN_UNDECLARED_SELECTOR = YES;
				GCC_WARN_UNINITIALIZED_AUTOS = YES_AGGRESSIVE;
				GCC_WARN_UNUSED_FUNCTION = YES;
				GCC_WARN_UNUSED_VARIABLE = YES;
				IPHONEOS_DEPLOYMENT_TARGET = 8.2;
				MTL_ENABLE_DEBUG_INFO = NO;
				SDKROOT = iphoneos;
				TARGETED_DEVICE_FAMILY = "1,2";
				VALIDATE_PRODUCT = YES;
			};
			name = Release;
		};
		C037538C1AB94184007A6012 /* Debug */ = {
			isa = XCBuildConfiguration;
			buildSettings = {
				ASSETCATALOG_COMPILER_APPICON_NAME = AppIcon;
				INFOPLIST_FILE = Postcard/Info.plist;
				LD_RUNPATH_SEARCH_PATHS = "$(inherited) @executable_path/Frameworks";
				PRODUCT_NAME = "$(TARGET_NAME)";
			};
			name = Debug;
		};
		C037538D1AB94184007A6012 /* Release */ = {
			isa = XCBuildConfiguration;
			buildSettings = {
				ASSETCATALOG_COMPILER_APPICON_NAME = AppIcon;
				INFOPLIST_FILE = Postcard/Info.plist;
				LD_RUNPATH_SEARCH_PATHS = "$(inherited) @executable_path/Frameworks";
				PRODUCT_NAME = "$(TARGET_NAME)";
			};
			name = Release;
		};
		C037538F1AB94184007A6012 /* Debug */ = {
			isa = XCBuildConfiguration;
			buildSettings = {
				BUNDLE_LOADER = "$(TEST_HOST)";
				FRAMEWORK_SEARCH_PATHS = (
					"$(SDKROOT)/Developer/Library/Frameworks",
					"$(inherited)",
				);
				GCC_PREPROCESSOR_DEFINITIONS = (
					"DEBUG=1",
					"$(inherited)",
				);
				INFOPLIST_FILE = PostcardTests/Info.plist;
				LD_RUNPATH_SEARCH_PATHS = "$(inherited) @executable_path/Frameworks @loader_path/Frameworks";
				PRODUCT_NAME = "$(TARGET_NAME)";
				TEST_HOST = "$(BUILT_PRODUCTS_DIR)/Postcard.app/Postcard";
			};
			name = Debug;
		};
		C03753901AB94184007A6012 /* Release */ = {
			isa = XCBuildConfiguration;
			buildSettings = {
				BUNDLE_LOADER = "$(TEST_HOST)";
				FRAMEWORK_SEARCH_PATHS = (
					"$(SDKROOT)/Developer/Library/Frameworks",
					"$(inherited)",
				);
				INFOPLIST_FILE = PostcardTests/Info.plist;
				LD_RUNPATH_SEARCH_PATHS = "$(inherited) @executable_path/Frameworks @loader_path/Frameworks";
				PRODUCT_NAME = "$(TARGET_NAME)";
				TEST_HOST = "$(BUILT_PRODUCTS_DIR)/Postcard.app/Postcard";
			};
			name = Release;
		};
/* End XCBuildConfiguration section */

/* Begin XCConfigurationList section */
		C03753671AB94184007A6012 /* Build configuration list for PBXProject "Postcard" */ = {
			isa = XCConfigurationList;
			buildConfigurations = (
				C03753891AB94184007A6012 /* Debug */,
				C037538A1AB94184007A6012 /* Release */,
			);
			defaultConfigurationIsVisible = 0;
			defaultConfigurationName = Release;
		};
		C037538B1AB94184007A6012 /* Build configuration list for PBXNativeTarget "Postcard" */ = {
			isa = XCConfigurationList;
			buildConfigurations = (
				C037538C1AB94184007A6012 /* Debug */,
				C037538D1AB94184007A6012 /* Release */,
			);
			defaultConfigurationIsVisible = 0;
		};
		C037538E1AB94184007A6012 /* Build configuration list for PBXNativeTarget "PostcardTests" */ = {
			isa = XCConfigurationList;
			buildConfigurations = (
				C037538F1AB94184007A6012 /* Debug */,
				C03753901AB94184007A6012 /* Release */,
			);
			defaultConfigurationIsVisible = 0;
		};
/* End XCConfigurationList section */
	};
	rootObject = C03753641AB94184007A6012 /* Project object */;
}
